{
  "name": "dameter-app",
  "version": "1.0.0",
  "lockfileVersion": 3,
  "requires": true,
  "packages": {
    "": {
      "name": "dameter-app",
      "version": "1.0.0",
      "dependencies": {
        "survey-jquery": "^1.9.19"
      }
    },
    "node_modules/jquery": {
      "version": "3.7.1",
      "resolved": "https://registry.npmjs.org/jquery/-/jquery-3.7.1.tgz",
      "integrity": "sha512-m4avr8yL8kmFN8psrbFFFmB/If14iN5o9nw/NgnnM+kybDJpRsAynV2BsfpTYrTRysYUdADVD7CkUUizgkpLfg=="
    },
    "node_modules/survey-jquery": {
      "version": "1.9.121",
      "resolved": "https://registry.npmjs.org/survey-jquery/-/survey-jquery-1.9.121.tgz",
      "integrity": "sha512-2/n+SqtL+41csUB6BLx0TR4i78tNq6+pOKbDeEvdlfytz9co3kln8AfY8QkdO7bvlwwPEXQ9bCnPbyondS++Ng==",
      "dependencies": {
        "jquery": ">=1.12.4"
      }
    }
  }
}
