{
  "name": "respund-collector",
  "version": "1.0.0",
  "lockfileVersion": 3,
  "requires": true,
  "packages": {
    "": {
      "name": "respund-collector",
      "version": "1.0.0",
      "dependencies": {
        "@collecthor/file-browser": "^1.5.5",
        "monaco-editor": "^0.45.0",
        "showdown": "^2.1.0",
        "survey-jquery": "^1.9.19"
      }
    },
    "node_modules/@ampproject/remapping": {
      "version": "2.2.1",
      "resolved": "https://registry.npmjs.org/@ampproject/remapping/-/remapping-2.2.1.tgz",
      "integrity": "sha512-lFMjJTrFL3j7L9yBxwYfCq2k6qqwHyzuUl/XBnif78PWTJYyL/dfowQHWE3sp6U6ZzqWiiIZnpTMO96zhkjwtg==",
      "dependencies": {
        "@jridgewell/gen-mapping": "^0.3.0",
        "@jridgewell/trace-mapping": "^0.3.9"
      },
      "engines": {
        "node": ">=6.0.0"
      }
    },
    "node_modules/@collecthor/file-browser": {
      "version": "1.5.5",
      "resolved": "https://registry.npmjs.org/@collecthor/file-browser/-/file-browser-1.5.5.tgz",
      "integrity": "sha512-9aMPFIoebTJVD/zQUkFzs6PoHDbFLti87sBhIGQw4dxi+RbDNIGqsv1CaoXub0inTegF4SETQdpIxnlN+0G5TQ==",
      "dependencies": {
        "@collecthor/svelte-material-icons": "^7",
        "eventemitter3": "^5.0.1",
        "monaco-editor": "^0.45.0",
        "openapi-fetch": "^0.8",
        "rxjs": "^7.8.1",
        "strongly-typed-events": "^3.0.9",
        "svelte": "^4.2",
        "winbox": "github:collecthor/winbox#fix-support-ssr"
      }
    },
    "node_modules/@collecthor/svelte-material-icons": {
      "version": "7.3.67",
      "resolved": "https://registry.npmjs.org/@collecthor/svelte-material-icons/-/svelte-material-icons-7.3.67.tgz",
      "integrity": "sha512-QoIpcvBeeduapi0u+pcdwuzS3/p1qm5nT3faJ9H1HcAp0ZN6BlGWyPi06wc6qPGHwk7Dgyj7ZL4YhuCp23YEmA==",
      "dependencies": {
        "@mdi/js": "^7.3.67"
      },
      "peerDependencies": {
        "svelte": "^4"
      }
    },
    "node_modules/@jridgewell/gen-mapping": {
      "version": "0.3.3",
      "resolved": "https://registry.npmjs.org/@jridgewell/gen-mapping/-/gen-mapping-0.3.3.tgz",
      "integrity": "sha512-HLhSWOLRi875zjjMG/r+Nv0oCW8umGb0BgEhyX3dDX3egwZtB8PqLnjz3yedt8R5StBrzcg4aBpnh8UA9D1BoQ==",
      "dependencies": {
        "@jridgewell/set-array": "^1.0.1",
        "@jridgewell/sourcemap-codec": "^1.4.10",
        "@jridgewell/trace-mapping": "^0.3.9"
      },
      "engines": {
        "node": ">=6.0.0"
      }
    },
    "node_modules/@jridgewell/resolve-uri": {
      "version": "3.1.1",
      "resolved": "https://registry.npmjs.org/@jridgewell/resolve-uri/-/resolve-uri-3.1.1.tgz",
      "integrity": "sha512-dSYZh7HhCDtCKm4QakX0xFpsRDqjjtZf/kjI/v3T3Nwt5r8/qz/M19F9ySyOqU94SXBmeG9ttTul+YnR4LOxFA==",
      "engines": {
        "node": ">=6.0.0"
      }
    },
    "node_modules/@jridgewell/set-array": {
      "version": "1.1.2",
      "resolved": "https://registry.npmjs.org/@jridgewell/set-array/-/set-array-1.1.2.tgz",
      "integrity": "sha512-xnkseuNADM0gt2bs+BvhO0p78Mk762YnZdsuzFV018NoG1Sj1SCQvpSqa7XUaTam5vAGasABV9qXASMKnFMwMw==",
      "engines": {
        "node": ">=6.0.0"
      }
    },
    "node_modules/@jridgewell/sourcemap-codec": {
      "version": "1.4.15",
      "resolved": "https://registry.npmjs.org/@jridgewell/sourcemap-codec/-/sourcemap-codec-1.4.15.tgz",
      "integrity": "sha512-eF2rxCRulEKXHTRiDrDy6erMYWqNw4LPdQ8UQA4huuxaQsVeRPFl2oM8oDGxMFhJUWZf9McpLtJasDDZb/Bpeg=="
    },
    "node_modules/@jridgewell/trace-mapping": {
      "version": "0.3.20",
      "resolved": "https://registry.npmjs.org/@jridgewell/trace-mapping/-/trace-mapping-0.3.20.tgz",
      "integrity": "sha512-R8LcPeWZol2zR8mmH3JeKQ6QRCFb7XgUhV9ZlGhHLGyg4wpPiPZNQOOWhFZhxKw8u//yTbNGI42Bx/3paXEQ+Q==",
      "dependencies": {
        "@jridgewell/resolve-uri": "^3.1.0",
        "@jridgewell/sourcemap-codec": "^1.4.14"
      }
    },
    "node_modules/@mdi/js": {
      "version": "7.3.67",
      "resolved": "https://registry.npmjs.org/@mdi/js/-/js-7.3.67.tgz",
      "integrity": "sha512-MnRjknFqpTC6FifhGHjZ0+QYq2bAkZFQqIj8JA2AdPZbBxUvr8QSgB2yPAJ8/ob/XkR41xlg5majDR3c1JP1hw=="
    },
    "node_modules/@types/estree": {
      "version": "1.0.5",
      "resolved": "https://registry.npmjs.org/@types/estree/-/estree-1.0.5.tgz",
      "integrity": "sha512-/kYRxGDLWzHOB7q+wtSUQlFrtcdUccpfy+X+9iMBpHK8QLLhx2wIPYuS5DYtR9Wa/YlZAbIovy7qVdB1Aq6Lyw=="
    },
    "node_modules/acorn": {
      "version": "8.11.2",
      "resolved": "https://registry.npmjs.org/acorn/-/acorn-8.11.2.tgz",
      "integrity": "sha512-nc0Axzp/0FILLEVsm4fNwLCwMttvhEI263QtVPQcbpfZZ3ts0hLsZGOpE6czNlid7CJ9MlyH8reXkpsf3YUY4w==",
      "bin": {
        "acorn": "bin/acorn"
      },
      "engines": {
        "node": ">=0.4.0"
      }
    },
    "node_modules/aria-query": {
      "version": "5.3.0",
      "resolved": "https://registry.npmjs.org/aria-query/-/aria-query-5.3.0.tgz",
      "integrity": "sha512-b0P0sZPKtyu8HkeRAfCq0IfURZK+SuwMjY1UXGBU27wpAiTwQAIlq56IbIO+ytk/JjS1fMR14ee5WBBfKi5J6A==",
      "dependencies": {
        "dequal": "^2.0.3"
      }
    },
    "node_modules/axobject-query": {
      "version": "3.2.1",
      "resolved": "https://registry.npmjs.org/axobject-query/-/axobject-query-3.2.1.tgz",
      "integrity": "sha512-jsyHu61e6N4Vbz/v18DHwWYKK0bSWLqn47eeDSKPB7m8tqMHF9YJ+mhIk2lVteyZrY8tnSj/jHOv4YiTCuCJgg==",
      "dependencies": {
        "dequal": "^2.0.3"
      }
    },
    "node_modules/code-red": {
      "version": "1.0.4",
      "resolved": "https://registry.npmjs.org/code-red/-/code-red-1.0.4.tgz",
      "integrity": "sha512-7qJWqItLA8/VPVlKJlFXU+NBlo/qyfs39aJcuMT/2ere32ZqvF5OSxgdM5xOfJJ7O429gg2HM47y8v9P+9wrNw==",
      "dependencies": {
        "@jridgewell/sourcemap-codec": "^1.4.15",
        "@types/estree": "^1.0.1",
        "acorn": "^8.10.0",
        "estree-walker": "^3.0.3",
        "periscopic": "^3.1.0"
      }
    },
    "node_modules/commander": {
      "version": "9.5.0",
      "resolved": "https://registry.npmjs.org/commander/-/commander-9.5.0.tgz",
      "integrity": "sha512-KRs7WVDKg86PWiuAqhDrAQnTXZKraVcCc6vFdL14qrZ/DcWwuRo7VoiYXalXO7S5GKpqYiVEwCbgFDfxNHKJBQ==",
      "engines": {
        "node": "^12.20.0 || >=14"
      }
    },
    "node_modules/css-tree": {
      "version": "2.3.1",
      "resolved": "https://registry.npmjs.org/css-tree/-/css-tree-2.3.1.tgz",
      "integrity": "sha512-6Fv1DV/TYw//QF5IzQdqsNDjx/wc8TrMBZsqjL9eW01tWb7R7k/mq+/VXfJCl7SoD5emsJop9cOByJZfs8hYIw==",
      "dependencies": {
        "mdn-data": "2.0.30",
        "source-map-js": "^1.0.1"
      },
      "engines": {
        "node": "^10 || ^12.20.0 || ^14.13.0 || >=15.0.0"
      }
    },
    "node_modules/dequal": {
      "version": "2.0.3",
      "resolved": "https://registry.npmjs.org/dequal/-/dequal-2.0.3.tgz",
      "integrity": "sha512-0je+qPKHEMohvfRTCEo3CrPG6cAzAYgmzKyxRiYSSDkS6eGJdyVJm7WaYA5ECaAD9wLB2T4EEeymA5aFVcYXCA==",
      "engines": {
        "node": ">=6"
      }
    },
    "node_modules/estree-walker": {
      "version": "3.0.3",
      "resolved": "https://registry.npmjs.org/estree-walker/-/estree-walker-3.0.3.tgz",
      "integrity": "sha512-7RUKfXgSMMkzt6ZuXmqapOurLGPPfgj6l9uRZ7lRGolvk0y2yocc35LdcxKC5PQZdn2DMqioAQ2NoWcrTKmm6g==",
      "dependencies": {
        "@types/estree": "^1.0.0"
      }
    },
    "node_modules/eventemitter3": {
      "version": "5.0.1",
      "resolved": "https://registry.npmjs.org/eventemitter3/-/eventemitter3-5.0.1.tgz",
      "integrity": "sha512-GWkBvjiSZK87ELrYOSESUYeVIc9mvLLf/nXalMOS5dYrgZq9o5OVkbZAVM06CVxYsCwH9BDZFPlQTlPA1j4ahA=="
    },
    "node_modules/is-reference": {
      "version": "3.0.2",
      "resolved": "https://registry.npmjs.org/is-reference/-/is-reference-3.0.2.tgz",
      "integrity": "sha512-v3rht/LgVcsdZa3O2Nqs+NMowLOxeOm7Ay9+/ARQ2F+qEoANRcqrjAZKGN0v8ymUetZGgkp26LTnGT7H0Qo9Pg==",
      "dependencies": {
        "@types/estree": "*"
      }
    },
    "node_modules/jquery": {
      "version": "3.7.1",
      "resolved": "https://registry.npmjs.org/jquery/-/jquery-3.7.1.tgz",
      "integrity": "sha512-m4avr8yL8kmFN8psrbFFFmB/If14iN5o9nw/NgnnM+kybDJpRsAynV2BsfpTYrTRysYUdADVD7CkUUizgkpLfg=="
    },
    "node_modules/locate-character": {
      "version": "3.0.0",
      "resolved": "https://registry.npmjs.org/locate-character/-/locate-character-3.0.0.tgz",
      "integrity": "sha512-SW13ws7BjaeJ6p7Q6CO2nchbYEc3X3J6WrmTTDto7yMPqVSZTUyY5Tjbid+Ab8gLnATtygYtiDIJGQRRn2ZOiA=="
    },
    "node_modules/magic-string": {
      "version": "0.30.5",
      "resolved": "https://registry.npmjs.org/magic-string/-/magic-string-0.30.5.tgz",
      "integrity": "sha512-7xlpfBaQaP/T6Vh8MO/EqXSW5En6INHEvEXQiuff7Gku0PWjU3uf6w/j9o7O+SpB5fOAkrI5HeoNgwjEO0pFsA==",
      "dependencies": {
        "@jridgewell/sourcemap-codec": "^1.4.15"
      },
      "engines": {
        "node": ">=12"
      }
    },
    "node_modules/mdn-data": {
      "version": "2.0.30",
      "resolved": "https://registry.npmjs.org/mdn-data/-/mdn-data-2.0.30.tgz",
      "integrity": "sha512-GaqWWShW4kv/G9IEucWScBx9G1/vsFZZJUO+tD26M8J8z3Kw5RDQjaoZe03YAClgeS/SWPOcb4nkFBTEi5DUEA=="
    },
    "node_modules/monaco-editor": {
      "version": "0.45.0",
      "resolved": "https://registry.npmjs.org/monaco-editor/-/monaco-editor-0.45.0.tgz",
      "integrity": "sha512-mjv1G1ZzfEE3k9HZN0dQ2olMdwIfaeAAjFiwNprLfYNRSz7ctv9XuCT7gPtBGrMUeV1/iZzYKj17Khu1hxoHOA=="
    },
    "node_modules/openapi-fetch": {
      "version": "0.8.2",
      "resolved": "https://registry.npmjs.org/openapi-fetch/-/openapi-fetch-0.8.2.tgz",
      "integrity": "sha512-4g+NLK8FmQ51RW6zLcCBOVy/lwYmFJiiT+ckYZxJWxUxH4XFhsNcX2eeqVMfVOi+mDNFja6qDXIZAz2c5J/RVw==",
      "dependencies": {
        "openapi-typescript-helpers": "^0.0.5"
      }
    },
    "node_modules/openapi-typescript-helpers": {
      "version": "0.0.5",
      "resolved": "https://registry.npmjs.org/openapi-typescript-helpers/-/openapi-typescript-helpers-0.0.5.tgz",
      "integrity": "sha512-MRffg93t0hgGZbYTxg60hkRIK2sRuEOHEtCUgMuLgbCC33TMQ68AmxskzUlauzZYD47+ENeGV/ElI7qnWqrAxA=="
    },
    "node_modules/periscopic": {
      "version": "3.1.0",
      "resolved": "https://registry.npmjs.org/periscopic/-/periscopic-3.1.0.tgz",
      "integrity": "sha512-vKiQ8RRtkl9P+r/+oefh25C3fhybptkHKCZSPlcXiJux2tJF55GnEj3BVn4A5gKfq9NWWXXrxkHBwVPUfH0opw==",
      "dependencies": {
        "@types/estree": "^1.0.0",
        "estree-walker": "^3.0.0",
        "is-reference": "^3.0.0"
      }
    },
    "node_modules/rxjs": {
      "version": "7.8.1",
      "resolved": "https://registry.npmjs.org/rxjs/-/rxjs-7.8.1.tgz",
      "integrity": "sha512-AA3TVj+0A2iuIoQkWEK/tqFjBq2j+6PO6Y0zJcvzLAFhEFIO3HL0vls9hWLncZbAAbK0mar7oZ4V079I/qPMxg==",
      "dependencies": {
        "tslib": "^2.1.0"
      }
    },
    "node_modules/showdown": {
      "version": "2.1.0",
      "resolved": "https://registry.npmjs.org/showdown/-/showdown-2.1.0.tgz",
      "integrity": "sha512-/6NVYu4U819R2pUIk79n67SYgJHWCce0a5xTP979WbNp0FL9MN1I1QK662IDU1b6JzKTvmhgI7T7JYIxBi3kMQ==",
      "dependencies": {
        "commander": "^9.0.0"
      },
      "bin": {
        "showdown": "bin/showdown.js"
      },
      "funding": {
        "type": "individual",
        "url": "https://www.paypal.me/tiviesantos"
      }
    },
    "node_modules/source-map-js": {
      "version": "1.0.2",
      "resolved": "https://registry.npmjs.org/source-map-js/-/source-map-js-1.0.2.tgz",
      "integrity": "sha512-R0XvVJ9WusLiqTCEiGCmICCMplcCkIwwR11mOSD9CR5u+IXYdiseeEuXCVAjS54zqwkLcPNnmU4OeJ6tUrWhDw==",
      "engines": {
        "node": ">=0.10.0"
      }
    },
    "node_modules/ste-core": {
      "version": "3.0.11",
      "resolved": "https://registry.npmjs.org/ste-core/-/ste-core-3.0.11.tgz",
      "integrity": "sha512-ivkRENMh0mdGoPlZ4xVcEaC8rXQfTEfvonRw5m8VDKV7kgcbZbaNd1TnKl08wXbcLdT7okSc63HNP8cVhy95zg==",
      "engines": {
        "node": ">=4.2.4"
      }
    },
    "node_modules/ste-events": {
      "version": "3.0.11",
      "resolved": "https://registry.npmjs.org/ste-events/-/ste-events-3.0.11.tgz",
      "integrity": "sha512-eahsf3+KARhBOtsdQZvRgzVO/vg8M3wBRbKaQIIFGRIZ2BtAQFr7t0cU94xVW2qh1rA+b4QxrjHc1N9NxKc90w==",
      "dependencies": {
        "ste-core": "^3.0.11"
      },
      "engines": {
        "node": ">=4.2.4"
      }
    },
    "node_modules/ste-promise-events": {
      "version": "3.0.11",
      "resolved": "https://registry.npmjs.org/ste-promise-events/-/ste-promise-events-3.0.11.tgz",
      "integrity": "sha512-LTYTsYSpcNlNRFc/vmviHJ38hB8QTjUYoKVcfjhDnGU2vhnnbAqvsjaY0IMRAlHH6kPMysdgNWfr+1I99BWy9Q==",
      "dependencies": {
        "ste-core": "^3.0.11"
      },
      "engines": {
        "node": ">=4.2.4"
      }
    },
    "node_modules/ste-promise-signals": {
      "version": "3.0.11",
      "resolved": "https://registry.npmjs.org/ste-promise-signals/-/ste-promise-signals-3.0.11.tgz",
      "integrity": "sha512-idDK24bBAeVILzP3/7EEcIoZC1kSYBZE8uW8HassdmPv28vfoME2PQG5GQFWgVGGx88Ag4Nor8qHk88lVQvWhQ==",
      "dependencies": {
        "ste-core": "^3.0.11"
      },
      "engines": {
        "node": ">=4.2.4"
      }
    },
    "node_modules/ste-promise-simple-events": {
      "version": "3.0.11",
      "resolved": "https://registry.npmjs.org/ste-promise-simple-events/-/ste-promise-simple-events-3.0.11.tgz",
      "integrity": "sha512-xrM7scATyrV/cgwdSlegH+fpWGrRqq6hnykgzTye3M85HnFgAIrYINOut2Hg7b0LHP+vhFQ9x2EMCHpZyT3ktQ==",
      "dependencies": {
        "ste-core": "^3.0.11"
      },
      "engines": {
        "node": ">=4.2.4"
      }
    },
    "node_modules/ste-signals": {
      "version": "3.0.11",
      "resolved": "https://registry.npmjs.org/ste-signals/-/ste-signals-3.0.11.tgz",
      "integrity": "sha512-Thc4Z/jYH5DWKxrbV+EtMX7mJLjtjgD2K/sxcK355uJKklg+vlVhCO1JSOJoHlwRfp+hxANMSZQv2JCxFLnjnw==",
      "dependencies": {
        "ste-core": "^3.0.11"
      },
      "engines": {
        "node": ">=4.2.4"
      }
    },
    "node_modules/ste-simple-events": {
      "version": "3.0.11",
      "resolved": "https://registry.npmjs.org/ste-simple-events/-/ste-simple-events-3.0.11.tgz",
      "integrity": "sha512-PDoQajqiTtJLNDWfJCihzACiTVZyFsXi6hNAVNelNJoNmqj+BaWuhJ/NHaAHxzfSRoMbL+hFgfPqFmxiHhAQSQ==",
      "dependencies": {
        "ste-core": "^3.0.11"
      },
      "engines": {
        "node": ">=4.2.4"
      }
    },
    "node_modules/strongly-typed-events": {
      "version": "3.0.11",
      "resolved": "https://registry.npmjs.org/strongly-typed-events/-/strongly-typed-events-3.0.11.tgz",
      "integrity": "sha512-k7871A9tGgikRriVCARnb8+tlF/x6kFd8+KidcFcN6EG/3DcOMPnNBfRH712PGXlj2zhmy/VDvOFND1TYp2JdQ==",
      "dependencies": {
        "ste-core": "^3.0.11",
        "ste-events": "^3.0.11",
        "ste-promise-events": "^3.0.11",
        "ste-promise-signals": "^3.0.11",
        "ste-promise-simple-events": "^3.0.11",
        "ste-signals": "^3.0.11",
        "ste-simple-events": "^3.0.11"
      },
      "engines": {
        "node": ">=4.2.4"
      }
    },
    "node_modules/survey-jquery": {
      "version": "1.9.121",
      "resolved": "https://registry.npmjs.org/survey-jquery/-/survey-jquery-1.9.121.tgz",
      "integrity": "sha512-2/n+SqtL+41csUB6BLx0TR4i78tNq6+pOKbDeEvdlfytz9co3kln8AfY8QkdO7bvlwwPEXQ9bCnPbyondS++Ng==",
      "dependencies": {
        "jquery": ">=1.12.4"
      }
    },
    "node_modules/svelte": {
      "version": "4.2.8",
      "resolved": "https://registry.npmjs.org/svelte/-/svelte-4.2.8.tgz",
      "integrity": "sha512-hU6dh1MPl8gh6klQZwK/n73GiAHiR95IkFsesLPbMeEZi36ydaXL/ZAb4g9sayT0MXzpxyZjR28yderJHxcmYA==",
      "dependencies": {
        "@ampproject/remapping": "^2.2.1",
        "@jridgewell/sourcemap-codec": "^1.4.15",
        "@jridgewell/trace-mapping": "^0.3.18",
        "acorn": "^8.9.0",
        "aria-query": "^5.3.0",
        "axobject-query": "^3.2.1",
        "code-red": "^1.0.3",
        "css-tree": "^2.3.1",
        "estree-walker": "^3.0.3",
        "is-reference": "^3.0.1",
        "locate-character": "^3.0.0",
        "magic-string": "^0.30.4",
        "periscopic": "^3.1.0"
      },
      "engines": {
        "node": ">=16"
      }
    },
    "node_modules/tslib": {
      "version": "2.6.2",
      "resolved": "https://registry.npmjs.org/tslib/-/tslib-2.6.2.tgz",
      "integrity": "sha512-AEYxH93jGFPn/a2iVAwW87VuUIkR1FVUKB77NwMF7nBTDkDrrT/Hpt/IrCJ0QXhW27jTBDcf5ZY7w6RiqTMw2Q=="
    },
    "node_modules/winbox": {
      "version": "0.2.82",
      "resolved": "git+ssh://git@github.com/collecthor/winbox.git#bf67aca9517c1c3b2a5c32fdc1bccd95c3208232",
      "license": "Apache-2.0"
    }
  }
}
